
Microsoft Visual Studio Solution File, Format Version 12.00
# Visual Studio 15
VisualStudioVersion = 15.0.26124.0
MinimumVisualStudioVersion = 15.0.26124.0
Project("{FAE04EC0-301F-11D3-BF4B-00C04F79EFBC}") = "API", "API\API.csproj", "{3C680AD8-C38B-4B64-9A6C-70B48C44BE73}"
EndProject
Project("{FAE04EC0-301F-11D3-BF4B-00C04F79EFBC}") = "Core", "Core\Core.csproj", "{6DDEE819-3637-447F-A4A2-FA14FD14CDA0}"
EndProject
Project("{FAE04EC0-301F-11D3-BF4B-00C04F79EFBC}") = "Infrastructure", "Infrastructure\Infrastructure.csproj", "{63478943-F8FC-4FE3-A242-C4283935EED6}"
EndProject
Global
	GlobalSection(SolutionConfigurationPlatforms) = preSolution
		Debug|Any CPU = Debug|Any CPU
		Debug|x64 = Debug|x64
		Debug|x86 = Debug|x86
		Release|Any CPU = Release|Any CPU
		Release|x64 = Release|x64
		Release|x86 = Release|x86
	EndGlobalSection
	GlobalSection(SolutionProperties) = preSolution
		HideSolutionNode = FALSE
	EndGlobalSection
	GlobalSection(ProjectConfigurationPlatforms) = postSolution
		{3C680AD8-C38B-4B64-9A6C-70B48C44BE73}.Debug|Any CPU.ActiveCfg = Debug|Any CPU
		{3C680AD8-C38B-4B64-9A6C-70B48C44BE73}.Debug|Any CPU.Build.0 = Debug|Any CPU
		{3C680AD8-C38B-4B64-9A6C-70B48C44BE73}.Debug|x64.ActiveCfg = Debug|Any CPU
		{3C680AD8-C38B-4B64-9A6C-70B48C44BE73}.Debug|x64.Build.0 = Debug|Any CPU
		{3C680AD8-C38B-4B64-9A6C-70B48C44BE73}.Debug|x86.ActiveCfg = Debug|Any CPU
		{3C680AD8-C38B-4B64-9A6C-70B48C44BE73}.Debug|x86.Build.0 = Debug|Any CPU
		{3C680AD8-C38B-4B64-9A6C-70B48C44BE73}.Release|Any CPU.ActiveCfg = Release|Any CPU
		{3C680AD8-C38B-4B64-9A6C-70B48C44BE73}.Release|Any CPU.Build.0 = Release|Any CPU
		{3C680AD8-C38B-4B64-9A6C-70B48C44BE73}.Release|x64.ActiveCfg = Release|Any CPU
		{3C680AD8-C38B-4B64-9A6C-70B48C44BE73}.Release|x64.Build.0 = Release|Any CPU
		{3C680AD8-C38B-4B64-9A6C-70B48C44BE73}.Release|x86.ActiveCfg = Release|Any CPU
		{3C680AD8-C38B-4B64-9A6C-70B48C44BE73}.Release|x86.Build.0 = Release|Any CPU
		{6DDEE819-3637-447F-A4A2-FA14FD14CDA0}.Debug|Any CPU.ActiveCfg = Debug|Any CPU
		{6DDEE819-3637-447F-A4A2-FA14FD14CDA0}.Debug|Any CPU.Build.0 = Debug|Any CPU
		{6DDEE819-3637-447F-A4A2-FA14FD14CDA0}.Debug|x64.ActiveCfg = Debug|Any CPU
		{6DDEE819-3637-447F-A4A2-FA14FD14CDA0}.Debug|x64.Build.0 = Debug|Any CPU
		{6DDEE819-3637-447F-A4A2-FA14FD14CDA0}.Debug|x86.ActiveCfg = Debug|Any CPU
		{6DDEE819-3637-447F-A4A2-FA14FD14CDA0}.Debug|x86.Build.0 = Debug|Any CPU
		{6DDEE819-3637-447F-A4A2-FA14FD14CDA0}.Release|Any CPU.ActiveCfg = Release|Any CPU
		{6DDEE819-3637-447F-A4A2-FA14FD14CDA0}.Release|Any CPU.Build.0 = Release|Any CPU
		{6DDEE819-3637-447F-A4A2-FA14FD14CDA0}.Release|x64.ActiveCfg = Release|Any CPU
		{6DDEE819-3637-447F-A4A2-FA14FD14CDA0}.Release|x64.Build.0 = Release|Any CPU
		{6DDEE819-3637-447F-A4A2-FA14FD14CDA0}.Release|x86.ActiveCfg = Release|Any CPU
		{6DDEE819-3637-447F-A4A2-FA14FD14CDA0}.Release|x86.Build.0 = Release|Any CPU
		{63478943-F8FC-4FE3-A242-C4283935EED6}.Debug|Any CPU.ActiveCfg = Debug|Any CPU
		{63478943-F8FC-4FE3-A242-C4283935EED6}.Debug|Any CPU.Build.0 = Debug|Any CPU
		{63478943-F8FC-4FE3-A242-C4283935EED6}.Debug|x64.ActiveCfg = Debug|Any CPU
		{63478943-F8FC-4FE3-A242-C4283935EED6}.Debug|x64.Build.0 = Debug|Any CPU
		{63478943-F8FC-4FE3-A242-C4283935EED6}.Debug|x86.ActiveCfg = Debug|Any CPU
		{63478943-F8FC-4FE3-A242-C4283935EED6}.Debug|x86.Build.0 = Debug|Any CPU
		{63478943-F8FC-4FE3-A242-C4283935EED6}.Release|Any CPU.ActiveCfg = Release|Any CPU
		{63478943-F8FC-4FE3-A242-C4283935EED6}.Release|Any CPU.Build.0 = Release|Any CPU
		{63478943-F8FC-4FE3-A242-C4283935EED6}.Release|x64.ActiveCfg = Release|Any CPU
		{63478943-F8FC-4FE3-A242-C4283935EED6}.Release|x64.Build.0 = Release|Any CPU
		{63478943-F8FC-4FE3-A242-C4283935EED6}.Release|x86.ActiveCfg = Release|Any CPU
		{63478943-F8FC-4FE3-A242-C4283935EED6}.Release|x86.Build.0 = Release|Any CPU
	EndGlobalSection
EndGlobal
